{
  "pins" : [
    {
      "identity" : "kmm-viewmodel",
      "kind" : "remoteSourceControl",
      "location" : "https://github.com/rickclephas/KMM-ViewModel.git",
      "state" : {
        "branch" : "master",
        "revision" : "ee4a96b11cab114d0abb43acddcb9edbc75f922c"
      }
    },
    {
      "identity" : "kmp-nativecoroutines",
      "kind" : "remoteSourceControl",
      "location" : "https://github.com/rickclephas/KMP-NativeCoroutines.git",
      "state" : {
        "branch" : "master",
        "revision" : "c889c41d3f0f719c628f5a1ae2060a3b39fbfc2e"
      }
    },
    {
      "identity" : "rxswift",
      "kind" : "remoteSourceControl",
      "location" : "https://github.com/ReactiveX/RxSwift.git",
      "state" : {
        "revision" : "b4307ba0b6425c0ba4178e138799946c3da594f8",
        "version" : "6.5.0"
      }
    }
  ],
  "version" : 2
}
